
Microsoft Visual Studio Solution File, Format Version 12.00
# Visual Studio Version 17
VisualStudioVersion = 17.6.33829.357
MinimumVisualStudioVersion = 10.0.40219.1
Project("{9A19103F-16F7-4668-BE54-9A1E7A4F7556}") = "EntranceExamRssk.WPF", "EntranceExamRssk.WPF\EntranceExamRssk.WPF.csproj", "{BF003CE0-BE2F-48B7-BAE1-C9BE04180CDC}"
EndProject
Project("{9A19103F-16F7-4668-BE54-9A1E7A4F7556}") = "EntranceExamRssk.Editor.WPF", "EntranceExamRssk.Editor.WPF\EntranceExamRssk.Editor.WPF.csproj", "{A93E5F8D-605E-4D4C-B446-7928EB886B4C}"
EndProject
Project("{FAE04EC0-301F-11D3-BF4B-00C04F79EFBC}") = "EntranceExamRssk.Common", "EntranceExamRssk.Common\EntranceExamRssk.Common.csproj", "{B12E2CD7-144E-4C7B-90F1-849F3732F40D}"
EndProject
Global
	GlobalSection(SolutionConfigurationPlatforms) = preSolution
		Debug|Any CPU = Debug|Any CPU
		Release|Any CPU = Release|Any CPU
	EndGlobalSection
	GlobalSection(ProjectConfigurationPlatforms) = postSolution
		{BF003CE0-BE2F-48B7-BAE1-C9BE04180CDC}.Debug|Any CPU.ActiveCfg = Debug|Any CPU
		{BF003CE0-BE2F-48B7-BAE1-C9BE04180CDC}.Debug|Any CPU.Build.0 = Debug|Any CPU
		{BF003CE0-BE2F-48B7-BAE1-C9BE04180CDC}.Release|Any CPU.ActiveCfg = Release|Any CPU
		{BF003CE0-BE2F-48B7-BAE1-C9BE04180CDC}.Release|Any CPU.Build.0 = Release|Any CPU
		{A93E5F8D-605E-4D4C-B446-7928EB886B4C}.Debug|Any CPU.ActiveCfg = Debug|Any CPU
		{A93E5F8D-605E-4D4C-B446-7928EB886B4C}.Debug|Any CPU.Build.0 = Debug|Any CPU
		{A93E5F8D-605E-4D4C-B446-7928EB886B4C}.Release|Any CPU.ActiveCfg = Release|Any CPU
		{A93E5F8D-605E-4D4C-B446-7928EB886B4C}.Release|Any CPU.Build.0 = Release|Any CPU
		{B12E2CD7-144E-4C7B-90F1-849F3732F40D}.Debug|Any CPU.ActiveCfg = Debug|Any CPU
		{B12E2CD7-144E-4C7B-90F1-849F3732F40D}.Debug|Any CPU.Build.0 = Debug|Any CPU
		{B12E2CD7-144E-4C7B-90F1-849F3732F40D}.Release|Any CPU.ActiveCfg = Release|Any CPU
		{B12E2CD7-144E-4C7B-90F1-849F3732F40D}.Release|Any CPU.Build.0 = Release|Any CPU
	EndGlobalSection
	GlobalSection(SolutionProperties) = preSolution
		HideSolutionNode = FALSE
	EndGlobalSection
	GlobalSection(ExtensibilityGlobals) = postSolution
		SolutionGuid = {881C2FCA-269C-482F-8ED3-FCBAFFF7373C}
	EndGlobalSection
EndGlobal
